{
  "name": "moon-lottie-core-example",
  "lockfileVersion": 3,
  "requires": true,
  "packages": {
    "": {
      "name": "moon-lottie-core-example",
      "dependencies": {
        "@moon-lottie/core": "^0.1.4"
      }
    },
    "node_modules/@moon-lottie/core": {
      "version": "0.1.4",
      "resolved": "https://registry.npmjs.org/@moon-lottie/core/-/core-0.1.4.tgz",
      "integrity": "sha512-BEi2aOBGhJ3nfK/XrUOGP+EZKFNMbxzQaCxUmw5AdF/QV/CYOYgWc8CcJjITIbLyrJd6QLdTfKwv4B9YecyokA==",
      "license": "MIT"
    }
  }
}
