{
  "name": "moon-lottie-core-example",
  "lockfileVersion": 3,
  "requires": true,
  "packages": {
    "": {
      "name": "moon-lottie-core-example",
      "dependencies": {
        "@moon-lottie/core": "file:../../moon-lottie"
      }
    },
    "../../moon-lottie": {
      "name": "@moon-lottie/core",
      "version": "0.1.2",
      "license": "MIT"
    },
    "node_modules/@moon-lottie/core": {
      "resolved": "../../moon-lottie",
      "link": true
    }
  }
}
